
Microsoft Visual Studio Solution File, Format Version 12.00
# Visual Studio Version 17
VisualStudioVersion = 17.9.34728.123
MinimumVisualStudioVersion = 10.0.40219.1
Project("{9A19103F-16F7-4668-BE54-9A1E7A4F7556}") = "desu_life_backend", "desu_life_backend\desu_life_backend.csproj", "{0CBDEC8A-7F5B-486E-A1F1-5A41962FAFF4}"
EndProject
Project("{2150E333-8FDC-42A3-9474-1A3956D46DE8}") = "API", "API", "{42A1D068-D503-4428-9DFB-0EF77959E86D}"
EndProject
Project("{9A19103F-16F7-4668-BE54-9A1E7A4F7556}") = "desu.life.API.OSU", "API\desu.life.API.OSU\desu.life.API.OSU.csproj", "{9484C9A6-414C-453C-B745-231131F1EEA5}"
EndProject
Project("{FAE04EC0-301F-11D3-BF4B-00C04F79EFBC}") = "desu.life.API.DISCORD", "desu.life.API.DISCORD\desu.life.API.DISCORD.csproj", "{753E0008-5D4D-4D6A-BA02-15717203E559}"
EndProject
Global
	GlobalSection(SolutionConfigurationPlatforms) = preSolution
		Debug|Any CPU = Debug|Any CPU
		Release|Any CPU = Release|Any CPU
	EndGlobalSection
	GlobalSection(ProjectConfigurationPlatforms) = postSolution
		{0CBDEC8A-7F5B-486E-A1F1-5A41962FAFF4}.Debug|Any CPU.ActiveCfg = Debug|Any CPU
		{0CBDEC8A-7F5B-486E-A1F1-5A41962FAFF4}.Debug|Any CPU.Build.0 = Debug|Any CPU
		{0CBDEC8A-7F5B-486E-A1F1-5A41962FAFF4}.Release|Any CPU.ActiveCfg = Release|Any CPU
		{0CBDEC8A-7F5B-486E-A1F1-5A41962FAFF4}.Release|Any CPU.Build.0 = Release|Any CPU
		{9484C9A6-414C-453C-B745-231131F1EEA5}.Debug|Any CPU.ActiveCfg = Debug|Any CPU
		{9484C9A6-414C-453C-B745-231131F1EEA5}.Debug|Any CPU.Build.0 = Debug|Any CPU
		{9484C9A6-414C-453C-B745-231131F1EEA5}.Release|Any CPU.ActiveCfg = Release|Any CPU
		{9484C9A6-414C-453C-B745-231131F1EEA5}.Release|Any CPU.Build.0 = Release|Any CPU
		{753E0008-5D4D-4D6A-BA02-15717203E559}.Debug|Any CPU.ActiveCfg = Debug|Any CPU
		{753E0008-5D4D-4D6A-BA02-15717203E559}.Debug|Any CPU.Build.0 = Debug|Any CPU
		{753E0008-5D4D-4D6A-BA02-15717203E559}.Release|Any CPU.ActiveCfg = Release|Any CPU
		{753E0008-5D4D-4D6A-BA02-15717203E559}.Release|Any CPU.Build.0 = Release|Any CPU
	EndGlobalSection
	GlobalSection(SolutionProperties) = preSolution
		HideSolutionNode = FALSE
	EndGlobalSection
	GlobalSection(NestedProjects) = preSolution
		{9484C9A6-414C-453C-B745-231131F1EEA5} = {42A1D068-D503-4428-9DFB-0EF77959E86D}
		{753E0008-5D4D-4D6A-BA02-15717203E559} = {42A1D068-D503-4428-9DFB-0EF77959E86D}
	EndGlobalSection
	GlobalSection(ExtensibilityGlobals) = postSolution
		SolutionGuid = {CA500865-E32E-4054-A62A-A9E11A055769}
	EndGlobalSection
EndGlobal
